
Microsoft Visual Studio Solution File, Format Version 12.00
# Visual Studio Version 16
VisualStudioVersion = 16.0.31321.278
MinimumVisualStudioVersion = 10.0.40219.1
Project("{8BC9CEB8-8B4A-11D0-8D11-00A0C91BC942}") = "wsigint", "wsigint.vcxproj", "{9430BADE-473A-4938-B431-FAA49F7FE740}"
EndProject
Global
	GlobalSection(SolutionConfigurationPlatforms) = preSolution
		Debug|x64 = Debug|x64
		Debug|x86 = Debug|x86
		Release|x64 = Release|x64
		Release|x86 = Release|x86
	EndGlobalSection
	GlobalSection(ProjectConfigurationPlatforms) = postSolution
		{9430BADE-473A-4938-B431-FAA49F7FE740}.Debug|x64.ActiveCfg = Debug|x64
		{9430BADE-473A-4938-B431-FAA49F7FE740}.Debug|x64.Build.0 = Debug|x64
		{9430BADE-473A-4938-B431-FAA49F7FE740}.Debug|x86.ActiveCfg = Debug|Win32
		{9430BADE-473A-4938-B431-FAA49F7FE740}.Debug|x86.Build.0 = Debug|Win32
		{9430BADE-473A-4938-B431-FAA49F7FE740}.Release|x64.ActiveCfg = Release|x64
		{9430BADE-473A-4938-B431-FAA49F7FE740}.Release|x64.Build.0 = Release|x64
		{9430BADE-473A-4938-B431-FAA49F7FE740}.Release|x86.ActiveCfg = Release|Win32
		{9430BADE-473A-4938-B431-FAA49F7FE740}.Release|x86.Build.0 = Release|Win32
	EndGlobalSection
	GlobalSection(SolutionProperties) = preSolution
		HideSolutionNode = FALSE
	EndGlobalSection
	GlobalSection(ExtensibilityGlobals) = postSolution
		SolutionGuid = {7FADC1D0-494D-4907-B3C2-5E56E5A72D3C}
	EndGlobalSection
EndGlobal
